// !$*UTF8*$!
{
	archiveVersion = 1;
	classes = {
	};
	objectVersion = 46;
	objects = {

/* Begin PBXBuildFile section */
		1B2B17F916CA767600411416 /* UIKit.framework in Frameworks */ = {isa = PBXBuildFile; fileRef = 1B2B17F816CA767600411416 /* UIKit.framework */; };
		1B2B17FB16CA767600411416 /* Foundation.framework in Frameworks */ = {isa = PBXBuildFile; fileRef = 1B2B17FA16CA767600411416 /* Foundation.framework */; };
		1B2B17FD16CA767600411416 /* CoreGraphics.framework in Frameworks */ = {isa = PBXBuildFile; fileRef = 1B2B17FC16CA767600411416 /* CoreGraphics.framework */; };
		1B2B180316CA767600411416 /* InfoPlist.strings in Resources */ = {isa = PBXBuildFile; fileRef = 1B2B180116CA767600411416 /* InfoPlist.strings */; };
		1B2B180516CA767600411416 /* main.m in Sources */ = {isa = PBXBuildFile; fileRef = 1B2B180416CA767600411416 /* main.m */; };
		1B2B180916CA767600411416 /* Arti2DAppDelegate.m in Sources */ = {isa = PBXBuildFile; fileRef = 1B2B180816CA767600411416 /* Arti2DAppDelegate.m */; };
		1B2B180B16CA767600411416 /* Default.png in Resources */ = {isa = PBXBuildFile; fileRef = 1B2B180A16CA767600411416 /* Default.png */; };
		1B2B180D16CA767600411416 /* Default@2x.png in Resources */ = {isa = PBXBuildFile; fileRef = 1B2B180C16CA767600411416 /* Default@2x.png */; };
		1B2B180F16CA767600411416 /* Default-568h@2x.png in Resources */ = {isa = PBXBuildFile; fileRef = 1B2B180E16CA767600411416 /* Default-568h@2x.png */; };
		1B2B181216CA767600411416 /* MainStoryboard_iPhone.storyboard in Resources */ = {isa = PBXBuildFile; fileRef = 1B2B181016CA767600411416 /* MainStoryboard_iPhone.storyboard */; };
		1B2B181516CA767600411416 /* MainStoryboard_iPad.storyboard in Resources */ = {isa = PBXBuildFile; fileRef = 1B2B181316CA767600411416 /* MainStoryboard_iPad.storyboard */; };
		1B2B181816CA767600411416 /* Arti2DViewController.m in Sources */ = {isa = PBXBuildFile; fileRef = 1B2B181716CA767600411416 /* Arti2DViewController.m */; };
		1B2B183016CA775400411416 /* Arti2DButtonCell.m in Sources */ = {isa = PBXBuildFile; fileRef = 1B2B181F16CA775400411416 /* Arti2DButtonCell.m */; };
		1B2B183116CA775400411416 /* Arti2DHeaderView.m in Sources */ = {isa = PBXBuildFile; fileRef = 1B2B182116CA775400411416 /* Arti2DHeaderView.m */; };
		1B2B183216CA775400411416 /* Arti2DMode.m in Sources */ = {isa = PBXBuildFile; fileRef = 1B2B182316CA775400411416 /* Arti2DMode.m */; };
		1B2B183316CA775400411416 /* Arti2DNavigationController.m in Sources */ = {isa = PBXBuildFile; fileRef = 1B2B182516CA775400411416 /* Arti2DNavigationController.m */; };
		1B2B183416CA775400411416 /* Arti2DPack.m in Sources */ = {isa = PBXBuildFile; fileRef = 1B2B182716CA775400411416 /* Arti2DPack.m */; };
		1B2B183516CA775400411416 /* Arti2DPackViewController.m in Sources */ = {isa = PBXBuildFile; fileRef = 1B2B182916CA775400411416 /* Arti2DPackViewController.m */; };
		1B2B183616CA775400411416 /* Arti2DTestViewController.m in Sources */ = {isa = PBXBuildFile; fileRef = 1B2B182B16CA775400411416 /* Arti2DTestViewController.m */; };
		1B2B183716CA775400411416 /* Flickr.m in Sources */ = {isa = PBXBuildFile; fileRef = 1B2B182D16CA775400411416 /* Flickr.m */; };
		1B2B183816CA775400411416 /* FlickrPhoto.m in Sources */ = {isa = PBXBuildFile; fileRef = 1B2B182F16CA775400411416 /* FlickrPhoto.m */; };
		1B2B183D16CA778A00411416 /* jquery-1.6.4.js in Sources */ = {isa = PBXBuildFile; fileRef = 1B2B183A16CA778A00411416 /* jquery-1.6.4.js */; };
		1B2B183E16CA778A00411416 /* template.html in Resources */ = {isa = PBXBuildFile; fileRef = 1B2B183B16CA778A00411416 /* template.html */; };
		1B2B183F16CA778A00411416 /* test.png in Resources */ = {isa = PBXBuildFile; fileRef = 1B2B183C16CA778A00411416 /* test.png */; };
		1B2B185516CA77BD00411416 /* bg_cork.png in Resources */ = {isa = PBXBuildFile; fileRef = 1B2B184116CA77BD00411416 /* bg_cork.png */; };
		1B2B185616CA77BD00411416 /* bg_cork@2x.png in Resources */ = {isa = PBXBuildFile; fileRef = 1B2B184216CA77BD00411416 /* bg_cork@2x.png */; };
		1B2B185716CA77BD00411416 /* button.png in Resources */ = {isa = PBXBuildFile; fileRef = 1B2B184316CA77BD00411416 /* button.png */; };
		1B2B185816CA77BD00411416 /* button@2x.png in Resources */ = {isa = PBXBuildFile; fileRef = 1B2B184416CA77BD00411416 /* button@2x.png */; };
		1B2B185916CA77BD00411416 /* decoration_snail.png in Resources */ = {isa = PBXBuildFile; fileRef = 1B2B184516CA77BD00411416 /* decoration_snail.png */; };
		1B2B185A16CA77BD00411416 /* decoration_snail@2x.png in Resources */ = {isa = PBXBuildFile; fileRef = 1B2B184616CA77BD00411416 /* decoration_snail@2x.png */; };
		1B2B185B16CA77BD00411416 /* divider_bar.png in Resources */ = {isa = PBXBuildFile; fileRef = 1B2B184716CA77BD00411416 /* divider_bar.png */; };
		1B2B185C16CA77BD00411416 /* divider_bar@2x.png in Resources */ = {isa = PBXBuildFile; fileRef = 1B2B184816CA77BD00411416 /* divider_bar@2x.png */; };
		1B2B185D16CA77BD00411416 /* header_bg.png in Resources */ = {isa = PBXBuildFile; fileRef = 1B2B184916CA77BD00411416 /* header_bg.png */; };
		1B2B185E16CA77BD00411416 /* header_bg@2x.png in Resources */ = {isa = PBXBuildFile; fileRef = 1B2B184A16CA77BD00411416 /* header_bg@2x.png */; };
		1B2B185F16CA77BD00411416 /* navbar.png in Resources */ = {isa = PBXBuildFile; fileRef = 1B2B184B16CA77BD00411416 /* navbar.png */; };
		1B2B186016CA77BD00411416 /* navbar@2x.png in Resources */ = {isa = PBXBuildFile; fileRef = 1B2B184C16CA77BD00411416 /* navbar@2x.png */; };
		1B2B186116CA77BD00411416 /* polaroid1_border.png in Resources */ = {isa = PBXBuildFile; fileRef = 1B2B184D16CA77BD00411416 /* polaroid1_border.png */; };
		1B2B186216CA77BD00411416 /* polaroid1_border@2x.png in Resources */ = {isa = PBXBuildFile; fileRef = 1B2B184E16CA77BD00411416 /* polaroid1_border@2x.png */; };
		1B2B186316CA77BD00411416 /* pushpin.png in Resources */ = {isa = PBXBuildFile; fileRef = 1B2B184F16CA77BD00411416 /* pushpin.png */; };
		1B2B186416CA77BD00411416 /* pushpin@2x.png in Resources */ = {isa = PBXBuildFile; fileRef = 1B2B185016CA77BD00411416 /* pushpin@2x.png */; };
		1B2B186516CA77BD00411416 /* search_field.png in Resources */ = {isa = PBXBuildFile; fileRef = 1B2B185116CA77BD00411416 /* search_field.png */; };
		1B2B186616CA77BD00411416 /* search_field@2x.png in Resources */ = {isa = PBXBuildFile; fileRef = 1B2B185216CA77BD00411416 /* search_field@2x.png */; };
		1B2B186716CA77BD00411416 /* search_text.png in Resources */ = {isa = PBXBuildFile; fileRef = 1B2B185316CA77BD00411416 /* search_text.png */; };
		1B2B186816CA77BD00411416 /* search_text@2x.png in Resources */ = {isa = PBXBuildFile; fileRef = 1B2B185416CA77BD00411416 /* search_text@2x.png */; };
		1B2B186A16CA781000411416 /* MessageUI.framework in Frameworks */ = {isa = PBXBuildFile; fileRef = 1B2B186916CA781000411416 /* MessageUI.framework */; };
/* End PBXBuildFile section */

/* Begin PBXFileReference section */
		1B2B17F416CA767600411416 /* XPool.app */ = {isa = PBXFileReference; explicitFileType = wrapper.application; includeInIndex = 0; path = XPool.app; sourceTree = BUILT_PRODUCTS_DIR; };
		1B2B17F816CA767600411416 /* UIKit.framework */ = {isa = PBXFileReference; lastKnownFileType = wrapper.framework; name = UIKit.framework; path = System/Library/Frameworks/UIKit.framework; sourceTree = SDKROOT; };
		1B2B17FA16CA767600411416 /* Foundation.framework */ = {isa = PBXFileReference; lastKnownFileType = wrapper.framework; name = Foundation.framework; path = System/Library/Frameworks/Foundation.framework; sourceTree = SDKROOT; };
		1B2B17FC16CA767600411416 /* CoreGraphics.framework */ = {isa = PBXFileReference; lastKnownFileType = wrapper.framework; name = CoreGraphics.framework; path = System/Library/Frameworks/CoreGraphics.framework; sourceTree = SDKROOT; };
		1B2B180016CA767600411416 /* XPool-Info.plist */ = {isa = PBXFileReference; lastKnownFileType = text.plist.xml; path = "XPool-Info.plist"; sourceTree = "<group>"; };
		1B2B180216CA767600411416 /* en */ = {isa = PBXFileReference; lastKnownFileType = text.plist.strings; name = en; path = en.lproj/InfoPlist.strings; sourceTree = "<group>"; };
		1B2B180416CA767600411416 /* main.m */ = {isa = PBXFileReference; lastKnownFileType = sourcecode.c.objc; path = main.m; sourceTree = "<group>"; };
		1B2B180616CA767600411416 /* XPool-Prefix.pch */ = {isa = PBXFileReference; lastKnownFileType = sourcecode.c.h; path = "XPool-Prefix.pch"; sourceTree = "<group>"; };
		1B2B180716CA767600411416 /* Arti2DAppDelegate.h */ = {isa = PBXFileReference; lastKnownFileType = sourcecode.c.h; path = Arti2DAppDelegate.h; sourceTree = "<group>"; };
		1B2B180816CA767600411416 /* Arti2DAppDelegate.m */ = {isa = PBXFileReference; lastKnownFileType = sourcecode.c.objc; path = Arti2DAppDelegate.m; sourceTree = "<group>"; };
		1B2B180A16CA767600411416 /* Default.png */ = {isa = PBXFileReference; lastKnownFileType = image.png; path = Default.png; sourceTree = "<group>"; };
		1B2B180C16CA767600411416 /* Default@2x.png */ = {isa = PBXFileReference; lastKnownFileType = image.png; path = "Default@2x.png"; sourceTree = "<group>"; };
		1B2B180E16CA767600411416 /* Default-568h@2x.png */ = {isa = PBXFileReference; lastKnownFileType = image.png; path = "Default-568h@2x.png"; sourceTree = "<group>"; };
		1B2B181116CA767600411416 /* en */ = {isa = PBXFileReference; lastKnownFileType = file.storyboard; name = en; path = en.lproj/MainStoryboard_iPhone.storyboard; sourceTree = "<group>"; };
		1B2B181416CA767600411416 /* en */ = {isa = PBXFileReference; lastKnownFileType = file.storyboard; name = en; path = en.lproj/MainStoryboard_iPad.storyboard; sourceTree = "<group>"; };
		1B2B181616CA767600411416 /* Arti2DViewController.h */ = {isa = PBXFileReference; lastKnownFileType = sourcecode.c.h; path = Arti2DViewController.h; sourceTree = "<group>"; };
		1B2B181716CA767600411416 /* Arti2DViewController.m */ = {isa = PBXFileReference; lastKnownFileType = sourcecode.c.objc; path = Arti2DViewController.m; sourceTree = "<group>"; };
		1B2B181E16CA775400411416 /* Arti2DButtonCell.h */ = {isa = PBXFileReference; fileEncoding = 4; lastKnownFileType = sourcecode.c.h; path = Arti2DButtonCell.h; sourceTree = "<group>"; };
		1B2B181F16CA775400411416 /* Arti2DButtonCell.m */ = {isa = PBXFileReference; fileEncoding = 4; lastKnownFileType = sourcecode.c.objc; path = Arti2DButtonCell.m; sourceTree = "<group>"; };
		1B2B182016CA775400411416 /* Arti2DHeaderView.h */ = {isa = PBXFileReference; fileEncoding = 4; lastKnownFileType = sourcecode.c.h; path = Arti2DHeaderView.h; sourceTree = "<group>"; };
		1B2B182116CA775400411416 /* Arti2DHeaderView.m */ = {isa = PBXFileReference; fileEncoding = 4; lastKnownFileType = sourcecode.c.objc; path = Arti2DHeaderView.m; sourceTree = "<group>"; };
		1B2B182216CA775400411416 /* Arti2DMode.h */ = {isa = PBXFileReference; fileEncoding = 4; lastKnownFileType = sourcecode.c.h; path = Arti2DMode.h; sourceTree = "<group>"; };
		1B2B182316CA775400411416 /* Arti2DMode.m */ = {isa = PBXFileReference; fileEncoding = 4; lastKnownFileType = sourcecode.c.objc; path = Arti2DMode.m; sourceTree = "<group>"; };
		1B2B182416CA775400411416 /* Arti2DNavigationController.h */ = {isa = PBXFileReference; fileEncoding = 4; lastKnownFileType = sourcecode.c.h; path = Arti2DNavigationController.h; sourceTree = "<group>"; };
		1B2B182516CA775400411416 /* Arti2DNavigationController.m */ = {isa = PBXFileReference; fileEncoding = 4; lastKnownFileType = sourcecode.c.objc; path = Arti2DNavigationController.m; sourceTree = "<group>"; };
		1B2B182616CA775400411416 /* Arti2DPack.h */ = {isa = PBXFileReference; fileEncoding = 4; lastKnownFileType = sourcecode.c.h; path = Arti2DPack.h; sourceTree = "<group>"; };
		1B2B182716CA775400411416 /* Arti2DPack.m */ = {isa = PBXFileReference; fileEncoding = 4; lastKnownFileType = sourcecode.c.objc; path = Arti2DPack.m; sourceTree = "<group>"; };
		1B2B182816CA775400411416 /* Arti2DPackViewController.h */ = {isa = PBXFileReference; fileEncoding = 4; lastKnownFileType = sourcecode.c.h; path = Arti2DPackViewController.h; sourceTree = "<group>"; };
		1B2B182916CA775400411416 /* Arti2DPackViewController.m */ = {isa = PBXFileReference; fileEncoding = 4; lastKnownFileType = sourcecode.c.objc; path = Arti2DPackViewController.m; sourceTree = "<group>"; };
		1B2B182A16CA775400411416 /* Arti2DTestViewController.h */ = {isa = PBXFileReference; fileEncoding = 4; lastKnownFileType = sourcecode.c.h; path = Arti2DTestViewController.h; sourceTree = "<group>"; };
		1B2B182B16CA775400411416 /* Arti2DTestViewController.m */ = {isa = PBXFileReference; fileEncoding = 4; lastKnownFileType = sourcecode.c.objc; path = Arti2DTestViewController.m; sourceTree = "<group>"; };
		1B2B182C16CA775400411416 /* Flickr.h */ = {isa = PBXFileReference; fileEncoding = 4; lastKnownFileType = sourcecode.c.h; path = Flickr.h; sourceTree = "<group>"; };
		1B2B182D16CA775400411416 /* Flickr.m */ = {isa = PBXFileReference; fileEncoding = 4; lastKnownFileType = sourcecode.c.objc; path = Flickr.m; sourceTree = "<group>"; };
		1B2B182E16CA775400411416 /* FlickrPhoto.h */ = {isa = PBXFileReference; fileEncoding = 4; lastKnownFileType = sourcecode.c.h; path = FlickrPhoto.h; sourceTree = "<group>"; };
		1B2B182F16CA775400411416 /* FlickrPhoto.m */ = {isa = PBXFileReference; fileEncoding = 4; lastKnownFileType = sourcecode.c.objc; path = FlickrPhoto.m; sourceTree = "<group>"; };
		1B2B183A16CA778A00411416 /* jquery-1.6.4.js */ = {isa = PBXFileReference; fileEncoding = 4; lastKnownFileType = sourcecode.javascript; path = "jquery-1.6.4.js"; sourceTree = "<group>"; };
		1B2B183B16CA778A00411416 /* template.html */ = {isa = PBXFileReference; fileEncoding = 4; lastKnownFileType = text.html; path = template.html; sourceTree = "<group>"; };
		1B2B183C16CA778A00411416 /* test.png */ = {isa = PBXFileReference; lastKnownFileType = image.png; path = test.png; sourceTree = "<group>"; };
		1B2B184116CA77BD00411416 /* bg_cork.png */ = {isa = PBXFileReference; lastKnownFileType = image.png; path = bg_cork.png; sourceTree = "<group>"; };
		1B2B184216CA77BD00411416 /* bg_cork@2x.png */ = {isa = PBXFileReference; lastKnownFileType = image.png; path = "bg_cork@2x.png"; sourceTree = "<group>"; };
		1B2B184316CA77BD00411416 /* button.png */ = {isa = PBXFileReference; lastKnownFileType = image.png; path = button.png; sourceTree = "<group>"; };
		1B2B184416CA77BD00411416 /* button@2x.png */ = {isa = PBXFileReference; lastKnownFileType = image.png; path = "button@2x.png"; sourceTree = "<group>"; };
		1B2B184516CA77BD00411416 /* decoration_snail.png */ = {isa = PBXFileReference; lastKnownFileType = image.png; path = decoration_snail.png; sourceTree = "<group>"; };
		1B2B184616CA77BD00411416 /* decoration_snail@2x.png */ = {isa = PBXFileReference; lastKnownFileType = image.png; path = "decoration_snail@2x.png"; sourceTree = "<group>"; };
		1B2B184716CA77BD00411416 /* divider_bar.png */ = {isa = PBXFileReference; lastKnownFileType = image.png; path = divider_bar.png; sourceTree = "<group>"; };
		1B2B184816CA77BD00411416 /* divider_bar@2x.png */ = {isa = PBXFileReference; lastKnownFileType = image.png; path = "divider_bar@2x.png"; sourceTree = "<group>"; };
		1B2B184916CA77BD00411416 /* header_bg.png */ = {isa = PBXFileReference; lastKnownFileType = image.png; path = header_bg.png; sourceTree = "<group>"; };
		1B2B184A16CA77BD00411416 /* header_bg@2x.png */ = {isa = PBXFileReference; lastKnownFileType = image.png; path = "header_bg@2x.png"; sourceTree = "<group>"; };
		1B2B184B16CA77BD00411416 /* navbar.png */ = {isa = PBXFileReference; lastKnownFileType = image.png; path = navbar.png; sourceTree = "<group>"; };
		1B2B184C16CA77BD00411416 /* navbar@2x.png */ = {isa = PBXFileReference; lastKnownFileType = image.png; path = "navbar@2x.png"; sourceTree = "<group>"; };
		1B2B184D16CA77BD00411416 /* polaroid1_border.png */ = {isa = PBXFileReference; lastKnownFileType = image.png; path = polaroid1_border.png; sourceTree = "<group>"; };
		1B2B184E16CA77BD00411416 /* polaroid1_border@2x.png */ = {isa = PBXFileReference; lastKnownFileType = image.png; path = "polaroid1_border@2x.png"; sourceTree = "<group>"; };
		1B2B184F16CA77BD00411416 /* pushpin.png */ = {isa = PBXFileReference; lastKnownFileType = image.png; path = pushpin.png; sourceTree = "<group>"; };
		1B2B185016CA77BD00411416 /* pushpin@2x.png */ = {isa = PBXFileReference; lastKnownFileType = image.png; path = "pushpin@2x.png"; sourceTree = "<group>"; };
		1B2B185116CA77BD00411416 /* search_field.png */ = {isa = PBXFileReference; lastKnownFileType = image.png; path = search_field.png; sourceTree = "<group>"; };
		1B2B185216CA77BD00411416 /* search_field@2x.png */ = {isa = PBXFileReference; lastKnownFileType = image.png; path = "search_field@2x.png"; sourceTree = "<group>"; };
		1B2B185316CA77BD00411416 /* search_text.png */ = {isa = PBXFileReference; lastKnownFileType = image.png; path = search_text.png; sourceTree = "<group>"; };
		1B2B185416CA77BD00411416 /* search_text@2x.png */ = {isa = PBXFileReference; lastKnownFileType = image.png; path = "search_text@2x.png"; sourceTree = "<group>"; };
		1B2B186916CA781000411416 /* MessageUI.framework */ = {isa = PBXFileReference; lastKnownFileType = wrapper.framework; name = MessageUI.framework; path = System/Library/Frameworks/MessageUI.framework; sourceTree = SDKROOT; };
/* End PBXFileReference section */

/* Begin PBXFrameworksBuildPhase section */
		1B2B17F116CA767600411416 /* Frameworks */ = {
			isa = PBXFrameworksBuildPhase;
			buildActionMask = 2147483647;
			files = (
				1B2B186A16CA781000411416 /* MessageUI.framework in Frameworks */,
				1B2B17F916CA767600411416 /* UIKit.framework in Frameworks */,
				1B2B17FB16CA767600411416 /* Foundation.framework in Frameworks */,
				1B2B17FD16CA767600411416 /* CoreGraphics.framework in Frameworks */,
			);
			runOnlyForDeploymentPostprocessing = 0;
		};
/* End PBXFrameworksBuildPhase section */

/* Begin PBXGroup section */
		1B2B17E916CA767600411416 = {
			isa = PBXGroup;
			children = (
				1B2B186916CA781000411416 /* MessageUI.framework */,
				1B2B17FE16CA767600411416 /* XPool */,
				1B2B17F716CA767600411416 /* Frameworks */,
				1B2B17F516CA767600411416 /* Products */,
			);
			sourceTree = "<group>";
		};
		1B2B17F516CA767600411416 /* Products */ = {
			isa = PBXGroup;
			children = (
				1B2B17F416CA767600411416 /* XPool.app */,
			);
			name = Products;
			sourceTree = "<group>";
		};
		1B2B17F716CA767600411416 /* Frameworks */ = {
			isa = PBXGroup;
			children = (
				1B2B17F816CA767600411416 /* UIKit.framework */,
				1B2B17FA16CA767600411416 /* Foundation.framework */,
				1B2B17FC16CA767600411416 /* CoreGraphics.framework */,
			);
			name = Frameworks;
			sourceTree = "<group>";
		};
		1B2B17FE16CA767600411416 /* XPool */ = {
			isa = PBXGroup;
			children = (
				1B2B184016CA779600411416 /* Resources */,
				1B2B183916CA776B00411416 /* html */,
				1B2B181E16CA775400411416 /* Arti2DButtonCell.h */,
				1B2B181F16CA775400411416 /* Arti2DButtonCell.m */,
				1B2B182016CA775400411416 /* Arti2DHeaderView.h */,
				1B2B182116CA775400411416 /* Arti2DHeaderView.m */,
				1B2B182216CA775400411416 /* Arti2DMode.h */,
				1B2B182316CA775400411416 /* Arti2DMode.m */,
				1B2B182416CA775400411416 /* Arti2DNavigationController.h */,
				1B2B182516CA775400411416 /* Arti2DNavigationController.m */,
				1B2B182616CA775400411416 /* Arti2DPack.h */,
				1B2B182716CA775400411416 /* Arti2DPack.m */,
				1B2B182816CA775400411416 /* Arti2DPackViewController.h */,
				1B2B182916CA775400411416 /* Arti2DPackViewController.m */,
				1B2B182A16CA775400411416 /* Arti2DTestViewController.h */,
				1B2B182B16CA775400411416 /* Arti2DTestViewController.m */,
				1B2B182C16CA775400411416 /* Flickr.h */,
				1B2B182D16CA775400411416 /* Flickr.m */,
				1B2B182E16CA775400411416 /* FlickrPhoto.h */,
				1B2B182F16CA775400411416 /* FlickrPhoto.m */,
				1B2B180716CA767600411416 /* Arti2DAppDelegate.h */,
				1B2B180816CA767600411416 /* Arti2DAppDelegate.m */,
				1B2B181016CA767600411416 /* MainStoryboard_iPhone.storyboard */,
				1B2B181316CA767600411416 /* MainStoryboard_iPad.storyboard */,
				1B2B181616CA767600411416 /* Arti2DViewController.h */,
				1B2B181716CA767600411416 /* Arti2DViewController.m */,
				1B2B17FF16CA767600411416 /* Supporting Files */,
			);
			path = XPool;
			sourceTree = "<group>";
		};
		1B2B17FF16CA767600411416 /* Supporting Files */ = {
			isa = PBXGroup;
			children = (
				1B2B180016CA767600411416 /* XPool-Info.plist */,
				1B2B180116CA767600411416 /* InfoPlist.strings */,
				1B2B180416CA767600411416 /* main.m */,
				1B2B180616CA767600411416 /* XPool-Prefix.pch */,
				1B2B180A16CA767600411416 /* Default.png */,
				1B2B180C16CA767600411416 /* Default@2x.png */,
				1B2B180E16CA767600411416 /* Default-568h@2x.png */,
			);
			name = "Supporting Files";
			sourceTree = "<group>";
		};
		1B2B183916CA776B00411416 /* html */ = {
			isa = PBXGroup;
			children = (
				1B2B183A16CA778A00411416 /* jquery-1.6.4.js */,
				1B2B183B16CA778A00411416 /* template.html */,
				1B2B183C16CA778A00411416 /* test.png */,
			);
			name = html;
			sourceTree = "<group>";
		};
		1B2B184016CA779600411416 /* Resources */ = {
			isa = PBXGroup;
			children = (
				1B2B184116CA77BD00411416 /* bg_cork.png */,
				1B2B184216CA77BD00411416 /* bg_cork@2x.png */,
				1B2B184316CA77BD00411416 /* button.png */,
				1B2B184416CA77BD00411416 /* button@2x.png */,
				1B2B184516CA77BD00411416 /* decoration_snail.png */,
				1B2B184616CA77BD00411416 /* decoration_snail@2x.png */,
				1B2B184716CA77BD00411416 /* divider_bar.png */,
				1B2B184816CA77BD00411416 /* divider_bar@2x.png */,
				1B2B184916CA77BD00411416 /* header_bg.png */,
				1B2B184A16CA77BD00411416 /* header_bg@2x.png */,
				1B2B184B16CA77BD00411416 /* navbar.png */,
				1B2B184C16CA77BD00411416 /* navbar@2x.png */,
				1B2B184D16CA77BD00411416 /* polaroid1_border.png */,
				1B2B184E16CA77BD00411416 /* polaroid1_border@2x.png */,
				1B2B184F16CA77BD00411416 /* pushpin.png */,
				1B2B185016CA77BD00411416 /* pushpin@2x.png */,
				1B2B185116CA77BD00411416 /* search_field.png */,
				1B2B185216CA77BD00411416 /* search_field@2x.png */,
				1B2B185316CA77BD00411416 /* search_text.png */,
				1B2B185416CA77BD00411416 /* search_text@2x.png */,
			);
			name = Resources;
			sourceTree = "<group>";
		};
/* End PBXGroup section */

/* Begin PBXNativeTarget section */
		1B2B17F316CA767600411416 /* XPool */ = {
			isa = PBXNativeTarget;
			buildConfigurationList = 1B2B181B16CA767600411416 /* Build configuration list for PBXNativeTarget "XPool" */;
			buildPhases = (
				1B2B17F016CA767600411416 /* Sources */,
				1B2B17F116CA767600411416 /* Frameworks */,
				1B2B17F216CA767600411416 /* Resources */,
			);
			buildRules = (
			);
			dependencies = (
			);
			name = XPool;
			productName = XPool;
			productReference = 1B2B17F416CA767600411416 /* XPool.app */;
			productType = "com.apple.product-type.application";
		};
/* End PBXNativeTarget section */

/* Begin PBXProject section */
		1B2B17EB16CA767600411416 /* Project object */ = {
			isa = PBXProject;
			attributes = {
				CLASSPREFIX = Arti2D;
				LastUpgradeCheck = 0450;
				ORGANIZATIONNAME = Oopz;
			};
			buildConfigurationList = 1B2B17EE16CA767600411416 /* Build configuration list for PBXProject "XPool" */;
			compatibilityVersion = "Xcode 3.2";
			developmentRegion = English;
			hasScannedForEncodings = 0;
			knownRegions = (
				en,
			);
			mainGroup = 1B2B17E916CA767600411416;
			productRefGroup = 1B2B17F516CA767600411416 /* Products */;
			projectDirPath = "";
			projectRoot = "";
			targets = (
				1B2B17F316CA767600411416 /* XPool */,
			);
		};
/* End PBXProject section */

/* Begin PBXResourcesBuildPhase section */
		1B2B17F216CA767600411416 /* Resources */ = {
			isa = PBXResourcesBuildPhase;
			buildActionMask = 2147483647;
			files = (
				1B2B180316CA767600411416 /* InfoPlist.strings in Resources */,
				1B2B180B16CA767600411416 /* Default.png in Resources */,
				1B2B180D16CA767600411416 /* Default@2x.png in Resources */,
				1B2B180F16CA767600411416 /* Default-568h@2x.png in Resources */,
				1B2B181216CA767600411416 /* MainStoryboard_iPhone.storyboard in Resources */,
				1B2B181516CA767600411416 /* MainStoryboard_iPad.storyboard in Resources */,
				1B2B183E16CA778A00411416 /* template.html in Resources */,
				1B2B183F16CA778A00411416 /* test.png in Resources */,
				1B2B185516CA77BD00411416 /* bg_cork.png in Resources */,
				1B2B185616CA77BD00411416 /* bg_cork@2x.png in Resources */,
				1B2B185716CA77BD00411416 /* button.png in Resources */,
				1B2B185816CA77BD00411416 /* button@2x.png in Resources */,
				1B2B185916CA77BD00411416 /* decoration_snail.png in Resources */,
				1B2B185A16CA77BD00411416 /* decoration_snail@2x.png in Resources */,
				1B2B185B16CA77BD00411416 /* divider_bar.png in Resources */,
				1B2B185C16CA77BD00411416 /* divider_bar@2x.png in Resources */,
				1B2B185D16CA77BD00411416 /* header_bg.png in Resources */,
				1B2B185E16CA77BD00411416 /* header_bg@2x.png in Resources */,
				1B2B185F16CA77BD00411416 /* navbar.png in Resources */,
				1B2B186016CA77BD00411416 /* navbar@2x.png in Resources */,
				1B2B186116CA77BD00411416 /* polaroid1_border.png in Resources */,
				1B2B186216CA77BD00411416 /* polaroid1_border@2x.png in Resources */,
				1B2B186316CA77BD00411416 /* pushpin.png in Resources */,
				1B2B186416CA77BD00411416 /* pushpin@2x.png in Resources */,
				1B2B186516CA77BD00411416 /* search_field.png in Resources */,
				1B2B186616CA77BD00411416 /* search_field@2x.png in Resources */,
				1B2B186716CA77BD00411416 /* search_text.png in Resources */,
				1B2B186816CA77BD00411416 /* search_text@2x.png in Resources */,
			);
			runOnlyForDeploymentPostprocessing = 0;
		};
/* End PBXResourcesBuildPhase section */

/* Begin PBXSourcesBuildPhase section */
		1B2B17F016CA767600411416 /* Sources */ = {
			isa = PBXSourcesBuildPhase;
			buildActionMask = 2147483647;
			files = (
				1B2B180516CA767600411416 /* main.m in Sources */,
				1B2B180916CA767600411416 /* Arti2DAppDelegate.m in Sources */,
				1B2B181816CA767600411416 /* Arti2DViewController.m in Sources */,
				1B2B183016CA775400411416 /* Arti2DButtonCell.m in Sources */,
				1B2B183116CA775400411416 /* Arti2DHeaderView.m in Sources */,
				1B2B183216CA775400411416 /* Arti2DMode.m in Sources */,
				1B2B183316CA775400411416 /* Arti2DNavigationController.m in Sources */,
				1B2B183416CA775400411416 /* Arti2DPack.m in Sources */,
				1B2B183516CA775400411416 /* Arti2DPackViewController.m in Sources */,
				1B2B183616CA775400411416 /* Arti2DTestViewController.m in Sources */,
				1B2B183716CA775400411416 /* Flickr.m in Sources */,
				1B2B183816CA775400411416 /* FlickrPhoto.m in Sources */,
				1B2B183D16CA778A00411416 /* jquery-1.6.4.js in Sources */,
			);
			runOnlyForDeploymentPostprocessing = 0;
		};
/* End PBXSourcesBuildPhase section */

/* Begin PBXVariantGroup section */
		1B2B180116CA767600411416 /* InfoPlist.strings */ = {
			isa = PBXVariantGroup;
			children = (
				1B2B180216CA767600411416 /* en */,
			);
			name = InfoPlist.strings;
			sourceTree = "<group>";
		};
		1B2B181016CA767600411416 /* MainStoryboard_iPhone.storyboard */ = {
			isa = PBXVariantGroup;
			children = (
				1B2B181116CA767600411416 /* en */,
			);
			name = MainStoryboard_iPhone.storyboard;
			sourceTree = "<group>";
		};
		1B2B181316CA767600411416 /* MainStoryboard_iPad.storyboard */ = {
			isa = PBXVariantGroup;
			children = (
				1B2B181416CA767600411416 /* en */,
			);
			name = MainStoryboard_iPad.storyboard;
			sourceTree = "<group>";
		};
/* End PBXVariantGroup section */

/* Begin XCBuildConfiguration section */
		1B2B181916CA767600411416 /* Debug */ = {
			isa = XCBuildConfiguration;
			buildSettings = {
				ALWAYS_SEARCH_USER_PATHS = NO;
				CLANG_CXX_LANGUAGE_STANDARD = "gnu++0x";
				CLANG_CXX_LIBRARY = "libc++";
				CLANG_ENABLE_OBJC_ARC = YES;
				CLANG_WARN_EMPTY_BODY = YES;
				CLANG_WARN__DUPLICATE_METHOD_MATCH = YES;
				"CODE_SIGN_IDENTITY[sdk=iphoneos*]" = "iPhone Developer";
				COPY_PHASE_STRIP = NO;
				GCC_C_LANGUAGE_STANDARD = gnu99;
				GCC_DYNAMIC_NO_PIC = NO;
				GCC_OPTIMIZATION_LEVEL = 0;
				GCC_PREPROCESSOR_DEFINITIONS = (
					"DEBUG=1",
					"$(inherited)",
				);
				GCC_SYMBOLS_PRIVATE_EXTERN = NO;
				GCC_WARN_ABOUT_RETURN_TYPE = YES;
				GCC_WARN_UNINITIALIZED_AUTOS = YES;
				GCC_WARN_UNUSED_VARIABLE = YES;
				IPHONEOS_DEPLOYMENT_TARGET = 6.0;
				ONLY_ACTIVE_ARCH = YES;
				SDKROOT = iphoneos;
				TARGETED_DEVICE_FAMILY = "1,2";
			};
			name = Debug;
		};
		1B2B181A16CA767600411416 /* Release */ = {
			isa = XCBuildConfiguration;
			buildSettings = {
				ALWAYS_SEARCH_USER_PATHS = NO;
				CLANG_CXX_LANGUAGE_STANDARD = "gnu++0x";
				CLANG_CXX_LIBRARY = "libc++";
				CLANG_ENABLE_OBJC_ARC = YES;
				CLANG_WARN_EMPTY_BODY = YES;
				CLANG_WARN__DUPLICATE_METHOD_MATCH = YES;
				"CODE_SIGN_IDENTITY[sdk=iphoneos*]" = "iPhone Developer";
				COPY_PHASE_STRIP = YES;
				GCC_C_LANGUAGE_STANDARD = gnu99;
				GCC_WARN_ABOUT_RETURN_TYPE = YES;
				GCC_WARN_UNINITIALIZED_AUTOS = YES;
				GCC_WARN_UNUSED_VARIABLE = YES;
				IPHONEOS_DEPLOYMENT_TARGET = 6.0;
				OTHER_CFLAGS = "-DNS_BLOCK_ASSERTIONS=1";
				SDKROOT = iphoneos;
				TARGETED_DEVICE_FAMILY = "1,2";
				VALIDATE_PRODUCT = YES;
			};
			name = Release;
		};
		1B2B181C16CA767600411416 /* Debug */ = {
			isa = XCBuildConfiguration;
			buildSettings = {
				GCC_PRECOMPILE_PREFIX_HEADER = YES;
				GCC_PREFIX_HEADER = "XPool/XPool-Prefix.pch";
				INFOPLIST_FILE = "XPool/XPool-Info.plist";
				PRODUCT_NAME = "$(TARGET_NAME)";
				WRAPPER_EXTENSION = app;
			};
			name = Debug;
		};
		1B2B181D16CA767600411416 /* Release */ = {
			isa = XCBuildConfiguration;
			buildSettings = {
				GCC_PRECOMPILE_PREFIX_HEADER = YES;
				GCC_PREFIX_HEADER = "XPool/XPool-Prefix.pch";
				INFOPLIST_FILE = "XPool/XPool-Info.plist";
				PRODUCT_NAME = "$(TARGET_NAME)";
				WRAPPER_EXTENSION = app;
			};
			name = Release;
		};
/* End XCBuildConfiguration section */

/* Begin XCConfigurationList section */
		1B2B17EE16CA767600411416 /* Build configuration list for PBXProject "XPool" */ = {
			isa = XCConfigurationList;
			buildConfigurations = (
				1B2B181916CA767600411416 /* Debug */,
				1B2B181A16CA767600411416 /* Release */,
			);
			defaultConfigurationIsVisible = 0;
			defaultConfigurationName = Release;
		};
		1B2B181B16CA767600411416 /* Build configuration list for PBXNativeTarget "XPool" */ = {
			isa = XCConfigurationList;
			buildConfigurations = (
				1B2B181C16CA767600411416 /* Debug */,
				1B2B181D16CA767600411416 /* Release */,
			);
			defaultConfigurationIsVisible = 0;
		};
/* End XCConfigurationList section */
	};
	rootObject = 1B2B17EB16CA767600411416 /* Project object */;
}
